// !$*UTF8*$!
{
	archiveVersion = 1;
	classes = {
	};
	objectVersion = 56;
	objects = {

/* Begin PBXBuildFile section */
		6FE6EEB52C3303FD00E36018 /* AppDelegate.swift in Sources */ = {isa = PBXBuildFile; fileRef = 6FE6EEB42C3303FD00E36018 /* AppDelegate.swift */; };
		6FE6EEB72C3303FD00E36018 /* SceneDelegate.swift in Sources */ = {isa = PBXBuildFile; fileRef = 6FE6EEB62C3303FD00E36018 /* SceneDelegate.swift */; };
		6FE6EEB92C3303FD00E36018 /* ViewController.swift in Sources */ = {isa = PBXBuildFile; fileRef = 6FE6EEB82C3303FD00E36018 /* ViewController.swift */; };
		6FE6EEBC2C3303FD00E36018 /* Base in Resources */ = {isa = PBXBuildFile; fileRef = 6FE6EEBB2C3303FD00E36018 /* Base */; };
		6FE6EEBE2C3303FE00E36018 /* Assets.xcassets in Resources */ = {isa = PBXBuildFile; fileRef = 6FE6EEBD2C3303FE00E36018 /* Assets.xcassets */; };
		6FE6EEC12C3303FE00E36018 /* Base in Resources */ = {isa = PBXBuildFile; fileRef = 6FE6EEC02C3303FE00E36018 /* Base */; };
		6FE6EECC2C3303FE00E36018 /* UdemyReviewTests.swift in Sources */ = {isa = PBXBuildFile; fileRef = 6FE6EECB2C3303FE00E36018 /* UdemyReviewTests.swift */; };
		6FE6EED62C3303FE00E36018 /* UdemyReviewUITests.swift in Sources */ = {isa = PBXBuildFile; fileRef = 6FE6EED52C3303FE00E36018 /* UdemyReviewUITests.swift */; };
		6FE6EED82C3303FE00E36018 /* UdemyReviewUITestsLaunchTests.swift in Sources */ = {isa = PBXBuildFile; fileRef = 6FE6EED72C3303FE00E36018 /* UdemyReviewUITestsLaunchTests.swift */; };
/* End PBXBuildFile section */

/* Begin PBXContainerItemProxy section */
		6FE6EEC82C3303FE00E36018 /* PBXContainerItemProxy */ = {
			isa = PBXContainerItemProxy;
			containerPortal = 6FE6EEA92C3303FD00E36018 /* Project object */;
			proxyType = 1;
			remoteGlobalIDString = 6FE6EEB02C3303FD00E36018;
			remoteInfo = UdemyReview;
		};
		6FE6EED22C3303FE00E36018 /* PBXContainerItemProxy */ = {
			isa = PBXContainerItemProxy;
			containerPortal = 6FE6EEA92C3303FD00E36018 /* Project object */;
			proxyType = 1;
			remoteGlobalIDString = 6FE6EEB02C3303FD00E36018;
			remoteInfo = UdemyReview;
		};
/* End PBXContainerItemProxy section */

/* Begin PBXFileReference section */
		6FE6EEB12C3303FD00E36018 /* UdemyReview.app */ = {isa = PBXFileReference; explicitFileType = wrapper.application; includeInIndex = 0; path = UdemyReview.app; sourceTree = BUILT_PRODUCTS_DIR; };
		6FE6EEB42C3303FD00E36018 /* AppDelegate.swift */ = {isa = PBXFileReference; lastKnownFileType = sourcecode.swift; path = AppDelegate.swift; sourceTree = "<group>"; };
		6FE6EEB62C3303FD00E36018 /* SceneDelegate.swift */ = {isa = PBXFileReference; lastKnownFileType = sourcecode.swift; path = SceneDelegate.swift; sourceTree = "<group>"; };
		6FE6EEB82C3303FD00E36018 /* ViewController.swift */ = {isa = PBXFileReference; lastKnownFileType = sourcecode.swift; path = ViewController.swift; sourceTree = "<group>"; };
		6FE6EEBB2C3303FD00E36018 /* Base */ = {isa = PBXFileReference; lastKnownFileType = file.storyboard; name = Base; path = Base.lproj/Main.storyboard; sourceTree = "<group>"; };
		6FE6EEBD2C3303FE00E36018 /* Assets.xcassets */ = {isa = PBXFileReference; lastKnownFileType = folder.assetcatalog; path = Assets.xcassets; sourceTree = "<group>"; };
		6FE6EEC02C3303FE00E36018 /* Base */ = {isa = PBXFileReference; lastKnownFileType = file.storyboard; name = Base; path = Base.lproj/LaunchScreen.storyboard; sourceTree = "<group>"; };
		6FE6EEC22C3303FE00E36018 /* Info.plist */ = {isa = PBXFileReference; lastKnownFileType = text.plist.xml; path = Info.plist; sourceTree = "<group>"; };
		6FE6EEC72C3303FE00E36018 /* UdemyReviewTests.xctest */ = {isa = PBXFileReference; explicitFileType = wrapper.cfbundle; includeInIndex = 0; path = UdemyReviewTests.xctest; sourceTree = BUILT_PRODUCTS_DIR; };
		6FE6EECB2C3303FE00E36018 /* UdemyReviewTests.swift */ = {isa = PBXFileReference; lastKnownFileType = sourcecode.swift; path = UdemyReviewTests.swift; sourceTree = "<group>"; };
		6FE6EED12C3303FE00E36018 /* UdemyReviewUITests.xctest */ = {isa = PBXFileReference; explicitFileType = wrapper.cfbundle; includeInIndex = 0; path = UdemyReviewUITests.xctest; sourceTree = BUILT_PRODUCTS_DIR; };
		6FE6EED52C3303FE00E36018 /* UdemyReviewUITests.swift */ = {isa = PBXFileReference; lastKnownFileType = sourcecode.swift; path = UdemyReviewUITests.swift; sourceTree = "<group>"; };
		6FE6EED72C3303FE00E36018 /* UdemyReviewUITestsLaunchTests.swift */ = {isa = PBXFileReference; lastKnownFileType = sourcecode.swift; path = UdemyReviewUITestsLaunchTests.swift; sourceTree = "<group>"; };
/* End PBXFileReference section */

/* Begin PBXFrameworksBuildPhase section */
		6FE6EEAE2C3303FD00E36018 /* Frameworks */ = {
			isa = PBXFrameworksBuildPhase;
			buildActionMask = 2147483647;
			files = (
			);
			runOnlyForDeploymentPostprocessing = 0;
		};
		6FE6EEC42C3303FE00E36018 /* Frameworks */ = {
			isa = PBXFrameworksBuildPhase;
			buildActionMask = 2147483647;
			files = (
			);
			runOnlyForDeploymentPostprocessing = 0;
		};
		6FE6EECE2C3303FE00E36018 /* Frameworks */ = {
			isa = PBXFrameworksBuildPhase;
			buildActionMask = 2147483647;
			files = (
			);
			runOnlyForDeploymentPostprocessing = 0;
		};
/* End PBXFrameworksBuildPhase section */

/* Begin PBXGroup section */
		6FE6EEA82C3303FD00E36018 = {
			isa = PBXGroup;
			children = (
				6FE6EEBA2C3303FD00E36018 /* Main.storyboard */,
				6FE6EEB32C3303FD00E36018 /* UdemyReview */,
				6FE6EECA2C3303FE00E36018 /* UdemyReviewTests */,
				6FE6EED42C3303FE00E36018 /* UdemyReviewUITests */,
				6FE6EEB22C3303FD00E36018 /* Products */,
			);
			sourceTree = "<group>";
		};
		6FE6EEB22C3303FD00E36018 /* Products */ = {
			isa = PBXGroup;
			children = (
				6FE6EEB12C3303FD00E36018 /* UdemyReview.app */,
				6FE6EEC72C3303FE00E36018 /* UdemyReviewTests.xctest */,
				6FE6EED12C3303FE00E36018 /* UdemyReviewUITests.xctest */,
			);
			name = Products;
			sourceTree = "<group>";
		};
		6FE6EEB32C3303FD00E36018 /* UdemyReview */ = {
			isa = PBXGroup;
			children = (
				6FE6EEB82C3303FD00E36018 /* ViewController.swift */,
				6FE6EEB42C3303FD00E36018 /* AppDelegate.swift */,
				6FE6EEB62C3303FD00E36018 /* SceneDelegate.swift */,
				6FE6EEBD2C3303FE00E36018 /* Assets.xcassets */,
				6FE6EEBF2C3303FE00E36018 /* LaunchScreen.storyboard */,
				6FE6EEC22C3303FE00E36018 /* Info.plist */,
			);
			path = UdemyReview;
			sourceTree = "<group>";
		};
		6FE6EECA2C3303FE00E36018 /* UdemyReviewTests */ = {
			isa = PBXGroup;
			children = (
				6FE6EECB2C3303FE00E36018 /* UdemyReviewTests.swift */,
			);
			path = UdemyReviewTests;
			sourceTree = "<group>";
		};
		6FE6EED42C3303FE00E36018 /* UdemyReviewUITests */ = {
			isa = PBXGroup;
			children = (
				6FE6EED52C3303FE00E36018 /* UdemyReviewUITests.swift */,
				6FE6EED72C3303FE00E36018 /* UdemyReviewUITestsLaunchTests.swift */,
			);
			path = UdemyReviewUITests;
			sourceTree = "<group>";
		};
/* End PBXGroup section */

/* Begin PBXNativeTarget section */
		6FE6EEB02C3303FD00E36018 /* UdemyReview */ = {
			isa = PBXNativeTarget;
			buildConfigurationList = 6FE6EEDB2C3303FE00E36018 /* Build configuration list for PBXNativeTarget "UdemyReview" */;
			buildPhases = (
				6FE6EEAD2C3303FD00E36018 /* Sources */,
				6FE6EEAE2C3303FD00E36018 /* Frameworks */,
				6FE6EEAF2C3303FD00E36018 /* Resources */,
			);
			buildRules = (
			);
			dependencies = (
			);
			name = UdemyReview;
			productName = UdemyReview;
			productReference = 6FE6EEB12C3303FD00E36018 /* UdemyReview.app */;
			productType = "com.apple.product-type.application";
		};
		6FE6EEC62C3303FE00E36018 /* UdemyReviewTests */ = {
			isa = PBXNativeTarget;
			buildConfigurationList = 6FE6EEDE2C3303FE00E36018 /* Build configuration list for PBXNativeTarget "UdemyReviewTests" */;
			buildPhases = (
				6FE6EEC32C3303FE00E36018 /* Sources */,
				6FE6EEC42C3303FE00E36018 /* Frameworks */,
				6FE6EEC52C3303FE00E36018 /* Resources */,
			);
			buildRules = (
			);
			dependencies = (
				6FE6EEC92C3303FE00E36018 /* PBXTargetDependency */,
			);
			name = UdemyReviewTests;
			productName = UdemyReviewTests;
			productReference = 6FE6EEC72C3303FE00E36018 /* UdemyReviewTests.xctest */;
			productType = "com.apple.product-type.bundle.unit-test";
		};
		6FE6EED02C3303FE00E36018 /* UdemyReviewUITests */ = {
			isa = PBXNativeTarget;
			buildConfigurationList = 6FE6EEE12C3303FE00E36018 /* Build configuration list for PBXNativeTarget "UdemyReviewUITests" */;
			buildPhases = (
				6FE6EECD2C3303FE00E36018 /* Sources */,
				6FE6EECE2C3303FE00E36018 /* Frameworks */,
				6FE6EECF2C3303FE00E36018 /* Resources */,
			);
			buildRules = (
			);
			dependencies = (
				6FE6EED32C3303FE00E36018 /* PBXTargetDependency */,
			);
			name = UdemyReviewUITests;
			productName = UdemyReviewUITests;
			productReference = 6FE6EED12C3303FE00E36018 /* UdemyReviewUITests.xctest */;
			productType = "com.apple.product-type.bundle.ui-testing";
		};
/* End PBXNativeTarget section */

/* Begin PBXProject section */
		6FE6EEA92C3303FD00E36018 /* Project object */ = {
			isa = PBXProject;
			attributes = {
				BuildIndependentTargetsInParallel = 1;
				LastSwiftUpdateCheck = 1540;
				LastUpgradeCheck = 1540;
				TargetAttributes = {
					6FE6EEB02C3303FD00E36018 = {
						CreatedOnToolsVersion = 15.4;
					};
					6FE6EEC62C3303FE00E36018 = {
						CreatedOnToolsVersion = 15.4;
						TestTargetID = 6FE6EEB02C3303FD00E36018;
					};
					6FE6EED02C3303FE00E36018 = {
						CreatedOnToolsVersion = 15.4;
						TestTargetID = 6FE6EEB02C3303FD00E36018;
					};
				};
			};
			buildConfigurationList = 6FE6EEAC2C3303FD00E36018 /* Build configuration list for PBXProject "UdemyReview" */;
			compatibilityVersion = "Xcode 14.0";
			developmentRegion = en;
			hasScannedForEncodings = 0;
			knownRegions = (
				en,
				Base,
			);
			mainGroup = 6FE6EEA82C3303FD00E36018;
			productRefGroup = 6FE6EEB22C3303FD00E36018 /* Products */;
			projectDirPath = "";
			projectRoot = "";
			targets = (
				6FE6EEB02C3303FD00E36018 /* UdemyReview */,
				6FE6EEC62C3303FE00E36018 /* UdemyReviewTests */,
				6FE6EED02C3303FE00E36018 /* UdemyReviewUITests */,
			);
		};
/* End PBXProject section */

/* Begin PBXResourcesBuildPhase section */
		6FE6EEAF2C3303FD00E36018 /* Resources */ = {
			isa = PBXResourcesBuildPhase;
			buildActionMask = 2147483647;
			files = (
				6FE6EEBE2C3303FE00E36018 /* Assets.xcassets in Resources */,
				6FE6EEC12C3303FE00E36018 /* Base in Resources */,
				6FE6EEBC2C3303FD00E36018 /* Base in Resources */,
			);
			runOnlyForDeploymentPostprocessing = 0;
		};
		6FE6EEC52C3303FE00E36018 /* Resources */ = {
			isa = PBXResourcesBuildPhase;
			buildActionMask = 2147483647;
			files = (
			);
			runOnlyForDeploymentPostprocessing = 0;
		};
		6FE6EECF2C3303FE00E36018 /* Resources */ = {
			isa = PBXResourcesBuildPhase;
			buildActionMask = 2147483647;
			files = (
			);
			runOnlyForDeploymentPostprocessing = 0;
		};
/* End PBXResourcesBuildPhase section */

/* Begin PBXSourcesBuildPhase section */
		6FE6EEAD2C3303FD00E36018 /* Sources */ = {
			isa = PBXSourcesBuildPhase;
			buildActionMask = 2147483647;
			files = (
				6FE6EEB92C3303FD00E36018 /* ViewController.swift in Sources */,
				6FE6EEB52C3303FD00E36018 /* AppDelegate.swift in Sources */,
				6FE6EEB72C3303FD00E36018 /* SceneDelegate.swift in Sources */,
			);
			runOnlyForDeploymentPostprocessing = 0;
		};
		6FE6EEC32C3303FE00E36018 /* Sources */ = {
			isa = PBXSourcesBuildPhase;
			buildActionMask = 2147483647;
			files = (
				6FE6EECC2C3303FE00E36018 /* UdemyReviewTests.swift in Sources */,
			);
			runOnlyForDeploymentPostprocessing = 0;
		};
		6FE6EECD2C3303FE00E36018 /* Sources */ = {
			isa = PBXSourcesBuildPhase;
			buildActionMask = 2147483647;
			files = (
				6FE6EED62C3303FE00E36018 /* UdemyReviewUITests.swift in Sources */,
				6FE6EED82C3303FE00E36018 /* UdemyReviewUITestsLaunchTests.swift in Sources */,
			);
			runOnlyForDeploymentPostprocessing = 0;
		};
/* End PBXSourcesBuildPhase section */

/* Begin PBXTargetDependency section */
		6FE6EEC92C3303FE00E36018 /* PBXTargetDependency */ = {
			isa = PBXTargetDependency;
			target = 6FE6EEB02C3303FD00E36018 /* UdemyReview */;
			targetProxy = 6FE6EEC82C3303FE00E36018 /* PBXContainerItemProxy */;
		};
		6FE6EED32C3303FE00E36018 /* PBXTargetDependency */ = {
			isa = PBXTargetDependency;
			target = 6FE6EEB02C3303FD00E36018 /* UdemyReview */;
			targetProxy = 6FE6EED22C3303FE00E36018 /* PBXContainerItemProxy */;
		};
/* End PBXTargetDependency section */

/* Begin PBXVariantGroup section */
		6FE6EEBA2C3303FD00E36018 /* Main.storyboard */ = {
			isa = PBXVariantGroup;
			children = (
				6FE6EEBB2C3303FD00E36018 /* Base */,
			);
			name = Main.storyboard;
			sourceTree = "<group>";
		};
		6FE6EEBF2C3303FE00E36018 /* LaunchScreen.storyboard */ = {
			isa = PBXVariantGroup;
			children = (
				6FE6EEC02C3303FE00E36018 /* Base */,
			);
			name = LaunchScreen.storyboard;
			sourceTree = "<group>";
		};
/* End PBXVariantGroup section */

/* Begin XCBuildConfiguration section */
		6FE6EED92C3303FE00E36018 /* Debug */ = {
			isa = XCBuildConfiguration;
			buildSettings = {
				ALWAYS_SEARCH_USER_PATHS = NO;
				ASSETCATALOG_COMPILER_GENERATE_SWIFT_ASSET_SYMBOL_EXTENSIONS = YES;
				CLANG_ANALYZER_NONNULL = YES;
				CLANG_ANALYZER_NUMBER_OBJECT_CONVERSION = YES_AGGRESSIVE;
				CLANG_CXX_LANGUAGE_STANDARD = "gnu++20";
				CLANG_ENABLE_MODULES = YES;
				CLANG_ENABLE_OBJC_ARC = YES;
				CLANG_ENABLE_OBJC_WEAK = YES;
				CLANG_WARN_BLOCK_CAPTURE_AUTORELEASING = YES;
				CLANG_WARN_BOOL_CONVERSION = YES;
				CLANG_WARN_COMMA = YES;
				CLANG_WARN_CONSTANT_CONVERSION = YES;
				CLANG_WARN_DEPRECATED_OBJC_IMPLEMENTATIONS = YES;
				CLANG_WARN_DIRECT_OBJC_ISA_USAGE = YES_ERROR;
				CLANG_WARN_DOCUMENTATION_COMMENTS = YES;
				CLANG_WARN_EMPTY_BODY = YES;
				CLANG_WARN_ENUM_CONVERSION = YES;
				CLANG_WARN_INFINITE_RECURSION = YES;
				CLANG_WARN_INT_CONVERSION = YES;
				CLANG_WARN_NON_LITERAL_NULL_CONVERSION = YES;
				CLANG_WARN_OBJC_IMPLICIT_RETAIN_SELF = YES;
				CLANG_WARN_OBJC_LITERAL_CONVERSION = YES;
				CLANG_WARN_OBJC_ROOT_CLASS = YES_ERROR;
				CLANG_WARN_QUOTED_INCLUDE_IN_FRAMEWORK_HEADER = YES;
				CLANG_WARN_RANGE_LOOP_ANALYSIS = YES;
				CLANG_WARN_STRICT_PROTOTYPES = YES;
				CLANG_WARN_SUSPICIOUS_MOVE = YES;
				CLANG_WARN_UNGUARDED_AVAILABILITY = YES_AGGRESSIVE;
				CLANG_WARN_UNREACHABLE_CODE = YES;
				CLANG_WARN__DUPLICATE_METHOD_MATCH = YES;
				COPY_PHASE_STRIP = NO;
				DEBUG_INFORMATION_FORMAT = dwarf;
				ENABLE_STRICT_OBJC_MSGSEND = YES;
				ENABLE_TESTABILITY = YES;
				ENABLE_USER_SCRIPT_SANDBOXING = YES;
				GCC_C_LANGUAGE_STANDARD = gnu17;
				GCC_DYNAMIC_NO_PIC = NO;
				GCC_NO_COMMON_BLOCKS = YES;
				GCC_OPTIMIZATION_LEVEL = 0;
				GCC_PREPROCESSOR_DEFINITIONS = (
					"DEBUG=1",
					"$(inherited)",
				);
				GCC_WARN_64_TO_32_BIT_CONVERSION = YES;
				GCC_WARN_ABOUT_RETURN_TYPE = YES_ERROR;
				GCC_WARN_UNDECLARED_SELECTOR = YES;
				GCC_WARN_UNINITIALIZED_AUTOS = YES_AGGRESSIVE;
				GCC_WARN_UNUSED_FUNCTION = YES;
				GCC_WARN_UNUSED_VARIABLE = YES;
				IPHONEOS_DEPLOYMENT_TARGET = 17.5;
				LOCALIZATION_PREFERS_STRING_CATALOGS = YES;
				MTL_ENABLE_DEBUG_INFO = INCLUDE_SOURCE;
				MTL_FAST_MATH = YES;
				ONLY_ACTIVE_ARCH = YES;
				SDKROOT = iphoneos;
				SWIFT_ACTIVE_COMPILATION_CONDITIONS = "DEBUG $(inherited)";
				SWIFT_OPTIMIZATION_LEVEL = "-Onone";
			};
			name = Debug;
		};
		6FE6EEDA2C3303FE00E36018 /* Release */ = {
			isa = XCBuildConfiguration;
			buildSettings = {
				ALWAYS_SEARCH_USER_PATHS = NO;
				ASSETCATALOG_COMPILER_GENERATE_SWIFT_ASSET_SYMBOL_EXTENSIONS = YES;
				CLANG_ANALYZER_NONNULL = YES;
				CLANG_ANALYZER_NUMBER_OBJECT_CONVERSION = YES_AGGRESSIVE;
				CLANG_CXX_LANGUAGE_STANDARD = "gnu++20";
				CLANG_ENABLE_MODULES = YES;
				CLANG_ENABLE_OBJC_ARC = YES;
				CLANG_ENABLE_OBJC_WEAK = YES;
				CLANG_WARN_BLOCK_CAPTURE_AUTORELEASING = YES;
				CLANG_WARN_BOOL_CONVERSION = YES;
				CLANG_WARN_COMMA = YES;
				CLANG_WARN_CONSTANT_CONVERSION = YES;
				CLANG_WARN_DEPRECATED_OBJC_IMPLEMENTATIONS = YES;
				CLANG_WARN_DIRECT_OBJC_ISA_USAGE = YES_ERROR;
				CLANG_WARN_DOCUMENTATION_COMMENTS = YES;
				CLANG_WARN_EMPTY_BODY = YES;
				CLANG_WARN_ENUM_CONVERSION = YES;
				CLANG_WARN_INFINITE_RECURSION = YES;
				CLANG_WARN_INT_CONVERSION = YES;
				CLANG_WARN_NON_LITERAL_NULL_CONVERSION = YES;
				CLANG_WARN_OBJC_IMPLICIT_RETAIN_SELF = YES;
				CLANG_WARN_OBJC_LITERAL_CONVERSION = YES;
				CLANG_WARN_OBJC_ROOT_CLASS = YES_ERROR;
				CLANG_WARN_QUOTED_INCLUDE_IN_FRAMEWORK_HEADER = YES;
				CLANG_WARN_RANGE_LOOP_ANALYSIS = YES;
				CLANG_WARN_STRICT_PROTOTYPES = YES;
				CLANG_WARN_SUSPICIOUS_MOVE = YES;
				CLANG_WARN_UNGUARDED_AVAILABILITY = YES_AGGRESSIVE;
				CLANG_WARN_UNREACHABLE_CODE = YES;
				CLANG_WARN__DUPLICATE_METHOD_MATCH = YES;
				COPY_PHASE_STRIP = NO;
				DEBUG_INFORMATION_FORMAT = "dwarf-with-dsym";
				ENABLE_NS_ASSERTIONS = NO;
				ENABLE_STRICT_OBJC_MSGSEND = YES;
				ENABLE_USER_SCRIPT_SANDBOXING = YES;
				GCC_C_LANGUAGE_STANDARD = gnu17;
				GCC_NO_COMMON_BLOCKS = YES;
				GCC_WARN_64_TO_32_BIT_CONVERSION = YES;
				GCC_WARN_ABOUT_RETURN_TYPE = YES_ERROR;
				GCC_WARN_UNDECLARED_SELECTOR = YES;
				GCC_WARN_UNINITIALIZED_AUTOS = YES_AGGRESSIVE;
				GCC_WARN_UNUSED_FUNCTION = YES;
				GCC_WARN_UNUSED_VARIABLE = YES;
				IPHONEOS_DEPLOYMENT_TARGET = 17.5;
				LOCALIZATION_PREFERS_STRING_CATALOGS = YES;
				MTL_ENABLE_DEBUG_INFO = NO;
				MTL_FAST_MATH = YES;
				SDKROOT = iphoneos;
				SWIFT_COMPILATION_MODE = wholemodule;
				VALIDATE_PRODUCT = YES;
			};
			name = Release;
		};
		6FE6EEDC2C3303FE00E36018 /* Debug */ = {
			isa = XCBuildConfiguration;
			buildSettings = {
				ASSETCATALOG_COMPILER_APPICON_NAME = AppIcon;
				ASSETCATALOG_COMPILER_GLOBAL_ACCENT_COLOR_NAME = AccentColor;
				CODE_SIGN_STYLE = Automatic;
				CURRENT_PROJECT_VERSION = 1;
				GENERATE_INFOPLIST_FILE = YES;
				INFOPLIST_FILE = UdemyReview/Info.plist;
				INFOPLIST_KEY_UIApplicationSupportsIndirectInputEvents = YES;
				INFOPLIST_KEY_UILaunchStoryboardName = LaunchScreen;
				INFOPLIST_KEY_UIMainStoryboardFile = Main;
				INFOPLIST_KEY_UISupportedInterfaceOrientations_iPad = "UIInterfaceOrientationPortrait UIInterfaceOrientationPortraitUpsideDown UIInterfaceOrientationLandscapeLeft UIInterfaceOrientationLandscapeRight";
				INFOPLIST_KEY_UISupportedInterfaceOrientations_iPhone = "UIInterfaceOrientationPortrait UIInterfaceOrientationLandscapeLeft UIInterfaceOrientationLandscapeRight";
				LD_RUNPATH_SEARCH_PATHS = (
					"$(inherited)",
					"@executable_path/Frameworks",
				);
				MARKETING_VERSION = 1.0;
				PRODUCT_BUNDLE_IDENTIFIER = Udemy.UdemyReview;
				PRODUCT_NAME = "$(TARGET_NAME)";
				SWIFT_EMIT_LOC_STRINGS = YES;
				SWIFT_VERSION = 5.0;
				TARGETED_DEVICE_FAMILY = "1,2";
			};
			name = Debug;
		};
		6FE6EEDD2C3303FE00E36018 /* Release */ = {
			isa = XCBuildConfiguration;
			buildSettings = {
				ASSETCATALOG_COMPILER_APPICON_NAME = AppIcon;
				ASSETCATALOG_COMPILER_GLOBAL_ACCENT_COLOR_NAME = AccentColor;
				CODE_SIGN_STYLE = Automatic;
				CURRENT_PROJECT_VERSION = 1;
				GENERATE_INFOPLIST_FILE = YES;
				INFOPLIST_FILE = UdemyReview/Info.plist;
				INFOPLIST_KEY_UIApplicationSupportsIndirectInputEvents = YES;
				INFOPLIST_KEY_UILaunchStoryboardName = LaunchScreen;
				INFOPLIST_KEY_UIMainStoryboardFile = Main;
				INFOPLIST_KEY_UISupportedInterfaceOrientations_iPad = "UIInterfaceOrientationPortrait UIInterfaceOrientationPortraitUpsideDown UIInterfaceOrientationLandscapeLeft UIInterfaceOrientationLandscapeRight";
				INFOPLIST_KEY_UISupportedInterfaceOrientations_iPhone = "UIInterfaceOrientationPortrait UIInterfaceOrientationLandscapeLeft UIInterfaceOrientationLandscapeRight";
				LD_RUNPATH_SEARCH_PATHS = (
					"$(inherited)",
					"@executable_path/Frameworks",
				);
				MARKETING_VERSION = 1.0;
				PRODUCT_BUNDLE_IDENTIFIER = Udemy.UdemyReview;
				PRODUCT_NAME = "$(TARGET_NAME)";
				SWIFT_EMIT_LOC_STRINGS = YES;
				SWIFT_VERSION = 5.0;
				TARGETED_DEVICE_FAMILY = "1,2";
			};
			name = Release;
		};
		6FE6EEDF2C3303FE00E36018 /* Debug */ = {
			isa = XCBuildConfiguration;
			buildSettings = {
				ALWAYS_EMBED_SWIFT_STANDARD_LIBRARIES = YES;
				BUNDLE_LOADER = "$(TEST_HOST)";
				CODE_SIGN_STYLE = Automatic;
				CURRENT_PROJECT_VERSION = 1;
				GENERATE_INFOPLIST_FILE = YES;
				IPHONEOS_DEPLOYMENT_TARGET = 17.5;
				MARKETING_VERSION = 1.0;
				PRODUCT_BUNDLE_IDENTIFIER = Udemy.UdemyReviewTests;
				PRODUCT_NAME = "$(TARGET_NAME)";
				SWIFT_EMIT_LOC_STRINGS = NO;
				SWIFT_VERSION = 5.0;
				TARGETED_DEVICE_FAMILY = "1,2";
				TEST_HOST = "$(BUILT_PRODUCTS_DIR)/UdemyReview.app/$(BUNDLE_EXECUTABLE_FOLDER_PATH)/UdemyReview";
			};
			name = Debug;
		};
		6FE6EEE02C3303FE00E36018 /* Release */ = {
			isa = XCBuildConfiguration;
			buildSettings = {
				ALWAYS_EMBED_SWIFT_STANDARD_LIBRARIES = YES;
				BUNDLE_LOADER = "$(TEST_HOST)";
				CODE_SIGN_STYLE = Automatic;
				CURRENT_PROJECT_VERSION = 1;
				GENERATE_INFOPLIST_FILE = YES;
				IPHONEOS_DEPLOYMENT_TARGET = 17.5;
				MARKETING_VERSION = 1.0;
				PRODUCT_BUNDLE_IDENTIFIER = Udemy.UdemyReviewTests;
				PRODUCT_NAME = "$(TARGET_NAME)";
				SWIFT_EMIT_LOC_STRINGS = NO;
				SWIFT_VERSION = 5.0;
				TARGETED_DEVICE_FAMILY = "1,2";
				TEST_HOST = "$(BUILT_PRODUCTS_DIR)/UdemyReview.app/$(BUNDLE_EXECUTABLE_FOLDER_PATH)/UdemyReview";
			};
			name = Release;
		};
		6FE6EEE22C3303FE00E36018 /* Debug */ = {
			isa = XCBuildConfiguration;
			buildSettings = {
				ALWAYS_EMBED_SWIFT_STANDARD_LIBRARIES = YES;
				CODE_SIGN_STYLE = Automatic;
				CURRENT_PROJECT_VERSION = 1;
				GENERATE_INFOPLIST_FILE = YES;
				MARKETING_VERSION = 1.0;
				PRODUCT_BUNDLE_IDENTIFIER = Udemy.UdemyReviewUITests;
				PRODUCT_NAME = "$(TARGET_NAME)";
				SWIFT_EMIT_LOC_STRINGS = NO;
				SWIFT_VERSION = 5.0;
				TARGETED_DEVICE_FAMILY = "1,2";
				TEST_TARGET_NAME = UdemyReview;
			};
			name = Debug;
		};
		6FE6EEE32C3303FE00E36018 /* Release */ = {
			isa = XCBuildConfiguration;
			buildSettings = {
				ALWAYS_EMBED_SWIFT_STANDARD_LIBRARIES = YES;
				CODE_SIGN_STYLE = Automatic;
				CURRENT_PROJECT_VERSION = 1;
				GENERATE_INFOPLIST_FILE = YES;
				MARKETING_VERSION = 1.0;
				PRODUCT_BUNDLE_IDENTIFIER = Udemy.UdemyReviewUITests;
				PRODUCT_NAME = "$(TARGET_NAME)";
				SWIFT_EMIT_LOC_STRINGS = NO;
				SWIFT_VERSION = 5.0;
				TARGETED_DEVICE_FAMILY = "1,2";
				TEST_TARGET_NAME = UdemyReview;
			};
			name = Release;
		};
/* End XCBuildConfiguration section */

/* Begin XCConfigurationList section */
		6FE6EEAC2C3303FD00E36018 /* Build configuration list for PBXProject "UdemyReview" */ = {
			isa = XCConfigurationList;
			buildConfigurations = (
				6FE6EED92C3303FE00E36018 /* Debug */,
				6FE6EEDA2C3303FE00E36018 /* Release */,
			);
			defaultConfigurationIsVisible = 0;
			defaultConfigurationName = Release;
		};
		6FE6EEDB2C3303FE00E36018 /* Build configuration list for PBXNativeTarget "UdemyReview" */ = {
			isa = XCConfigurationList;
			buildConfigurations = (
				6FE6EEDC2C3303FE00E36018 /* Debug */,
				6FE6EEDD2C3303FE00E36018 /* Release */,
			);
			defaultConfigurationIsVisible = 0;
			defaultConfigurationName = Release;
		};
		6FE6EEDE2C3303FE00E36018 /* Build configuration list for PBXNativeTarget "UdemyReviewTests" */ = {
			isa = XCConfigurationList;
			buildConfigurations = (
				6FE6EEDF2C3303FE00E36018 /* Debug */,
				6FE6EEE02C3303FE00E36018 /* Release */,
			);
			defaultConfigurationIsVisible = 0;
			defaultConfigurationName = Release;
		};
		6FE6EEE12C3303FE00E36018 /* Build configuration list for PBXNativeTarget "UdemyReviewUITests" */ = {
			isa = XCConfigurationList;
			buildConfigurations = (
				6FE6EEE22C3303FE00E36018 /* Debug */,
				6FE6EEE32C3303FE00E36018 /* Release */,
			);
			defaultConfigurationIsVisible = 0;
			defaultConfigurationName = Release;
		};
/* End XCConfigurationList section */
	};
	rootObject = 6FE6EEA92C3303FD00E36018 /* Project object */;
}
